
Microsoft Visual Studio Solution File, Format Version 12.00
# Visual Studio Version 16
VisualStudioVersion = 16.0.30011.22
MinimumVisualStudioVersion = 10.0.40219.1
Project("{9A19103F-16F7-4668-BE54-9A1E7A4F7556}") = "Selenium-app", "Selenium-app.csproj", "{69551306-BF0E-4DD0-9514-810CB695D14A}"
EndProject
Global
	GlobalSection(SolutionConfigurationPlatforms) = preSolution
		Debug|Any CPU = Debug|Any CPU
		Release|Any CPU = Release|Any CPU
	EndGlobalSection
	GlobalSection(ProjectConfigurationPlatforms) = postSolution
		{69551306-BF0E-4DD0-9514-810CB695D14A}.Debug|Any CPU.ActiveCfg = Debug|Any CPU
		{69551306-BF0E-4DD0-9514-810CB695D14A}.Debug|Any CPU.Build.0 = Debug|Any CPU
		{69551306-BF0E-4DD0-9514-810CB695D14A}.Release|Any CPU.ActiveCfg = Release|Any CPU
		{69551306-BF0E-4DD0-9514-810CB695D14A}.Release|Any CPU.Build.0 = Release|Any CPU
	EndGlobalSection
	GlobalSection(SolutionProperties) = preSolution
		HideSolutionNode = FALSE
	EndGlobalSection
	GlobalSection(ExtensibilityGlobals) = postSolution
		SolutionGuid = {DCD7099F-15D2-4237-BCA7-E3408EF79BFE}
	EndGlobalSection
EndGlobal
